# This file is automatically @generated by Cargo.
# It is not intended for manual editing.
version = 4

[[package]]
name = "vtk-common-core"
version = "0.1.0"

[[package]]
name = "vtk-common-data-model"
version = "0.1.0"
dependencies = [
 "vtk-common-core",
 "vtk-common-math",
 "vtk-common-misc",
 "vtk-common-system",
 "vtk-common-transforms",
]

[[package]]
name = "vtk-common-execution-model"
version = "0.1.0"
dependencies = [
 "vtk-common-core",
 "vtk-common-data-model",
 "vtk-common-misc",
 "vtk-common-system",
]

[[package]]
name = "vtk-common-math"
version = "0.1.0"
dependencies = [
 "vtk-common-core",
]

[[package]]
name = "vtk-common-misc"
version = "0.1.0"
dependencies = [
 "vtk-common-core",
 "vtk-common-math",
]

[[package]]
name = "vtk-common-system"
version = "0.1.0"
dependencies = [
 "vtk-common-core",
]

[[package]]
name = "vtk-common-transforms"
version = "0.1.0"
dependencies = [
 "vtk-common-core",
 "vtk-common-math",
]
